
Microsoft Visual Studio Solution File, Format Version 12.00
# Visual Studio Version 18
VisualStudioVersion = 18.1.11312.151
MinimumVisualStudioVersion = 10.0.40219.1
Project("{9A19103F-16F7-4668-BE54-9A1E7A4F7556}") = "MinecraftLogsToDiscord", "MinecraftLogsToDiscord\MinecraftLogsToDiscord.csproj", "{ADBB7ADD-A8BA-4530-AA61-5378632FD94A}"
EndProject
Project("{9A19103F-16F7-4668-BE54-9A1E7A4F7556}") = "TimelapseCreator", "TimelapseCreator\TimelapseCreator.csproj", "{CCBD6451-5564-479C-977C-244173FD77FE}"
EndProject
Project("{9A19103F-16F7-4668-BE54-9A1E7A4F7556}") = "MinecraftWorldToNAS", "MinecraftWorldToNAS\MinecraftWorldToNAS.csproj", "{EB63F673-3BE1-4F4A-A19D-66D03BFB4D06}"
EndProject
Project("{9A19103F-16F7-4668-BE54-9A1E7A4F7556}") = "CameraWatcher", "CameraWatcher\CameraWatcher.csproj", "{CE302184-EDBD-4083-88A7-340B8369E0D6}"
EndProject
Project("{2150E333-8FDC-42A3-9474-1A3956D46DE8}") = "Common", "Common", "{AA39C949-908A-40DF-85E0-F243415482C7}"
EndProject
Project("{9A19103F-16F7-4668-BE54-9A1E7A4F7556}") = "Common", "Common\Common\Common.csproj", "{26C92745-FA6A-408E-869B-4EC21E69A944}"
EndProject
Project("{9A19103F-16F7-4668-BE54-9A1E7A4F7556}") = "Common.Hosting", "Common\Common.Hosting\Common.Hosting.csproj", "{EDACE63F-AAF6-4A49-94EA-AA52EAD69FF3}"
EndProject
Project("{9A19103F-16F7-4668-BE54-9A1E7A4F7556}") = "Common.OpenCV", "Common\Common.OpenCV\Common.OpenCV.csproj", "{8792998F-F4AC-4E88-9977-178EF42D4789}"
EndProject
Project("{FAE04EC0-301F-11D3-BF4B-00C04F79EFBC}") = "DiscordBot", "DiscordBot\DiscordBot.csproj", "{100C09B3-E58F-6B6B-3AA6-D66188F478A2}"
EndProject
Project("{2150E333-8FDC-42A3-9474-1A3956D46DE8}") = "ApiFreebox", "ApiFreebox", "{1936F80E-CE49-4057-AC40-DE79E7758647}"
EndProject
Project("{FAE04EC0-301F-11D3-BF4B-00C04F79EFBC}") = "EndPoints", "ApiFreeBoxCore\EndPoints\EndPoints.csproj", "{10EB2E0C-838C-02AE-7A16-5F913EDBF67C}"
EndProject
Project("{FAE04EC0-301F-11D3-BF4B-00C04F79EFBC}") = "Domain", "ApiFreeBoxCore\Domain\Domain.csproj", "{67C9D092-0FF6-F12F-B1E2-30DF82AC84CD}"
EndProject
Project("{FAE04EC0-301F-11D3-BF4B-00C04F79EFBC}") = "Infrastructure", "ApiFreeBoxCore\Infrastructure\Infrastructure.csproj", "{7CD8DA81-5619-9413-E54F-0A8F57ACB736}"
EndProject
Project("{FAE04EC0-301F-11D3-BF4B-00C04F79EFBC}") = "Application", "ApiFreeBoxCore\Application\Application.csproj", "{8B54E576-2530-70E1-BB5B-985F69D7E272}"
EndProject
Project("{2150E333-8FDC-42A3-9474-1A3956D46DE8}") = "PortalCameras", "PortalCameras", "{98241281-B965-46DE-B40B-067FA5D2CA5C}"
EndProject
Project("{FAE04EC0-301F-11D3-BF4B-00C04F79EFBC}") = "BlazorPortalCamera", "PortalCameras\BlazorPortalCamera.csproj", "{F8F66F13-B3E8-4600-F9A6-821D522F0E00}"
EndProject
Project("{2150E333-8FDC-42A3-9474-1A3956D46DE8}") = "WebApps", "WebApps", "{A84E427C-3532-4CCC-BF9A-03C2DD19E020}"
EndProject
Project("{2150E333-8FDC-42A3-9474-1A3956D46DE8}") = "Services", "Services", "{409B4809-9D96-43E1-8597-0693227BBA62}"
EndProject
Project("{2150E333-8FDC-42A3-9474-1A3956D46DE8}") = "Éléments de solution", "Éléments de solution", "{C330DC69-0A51-4DCD-B889-78ED54312ED1}"
	ProjectSection(SolutionItems) = preProject
		Build-LIV.ps1 = Build-LIV.ps1
	EndProjectSection
EndProject
Global
	GlobalSection(SolutionConfigurationPlatforms) = preSolution
		Debug|Any CPU = Debug|Any CPU
		Release|Any CPU = Release|Any CPU
	EndGlobalSection
	GlobalSection(ProjectConfigurationPlatforms) = postSolution
		{ADBB7ADD-A8BA-4530-AA61-5378632FD94A}.Debug|Any CPU.ActiveCfg = Debug|Any CPU
		{ADBB7ADD-A8BA-4530-AA61-5378632FD94A}.Debug|Any CPU.Build.0 = Debug|Any CPU
		{ADBB7ADD-A8BA-4530-AA61-5378632FD94A}.Release|Any CPU.ActiveCfg = Release|Any CPU
		{ADBB7ADD-A8BA-4530-AA61-5378632FD94A}.Release|Any CPU.Build.0 = Release|Any CPU
		{CCBD6451-5564-479C-977C-244173FD77FE}.Debug|Any CPU.ActiveCfg = Debug|Any CPU
		{CCBD6451-5564-479C-977C-244173FD77FE}.Debug|Any CPU.Build.0 = Debug|Any CPU
		{CCBD6451-5564-479C-977C-244173FD77FE}.Release|Any CPU.ActiveCfg = Release|Any CPU
		{CCBD6451-5564-479C-977C-244173FD77FE}.Release|Any CPU.Build.0 = Release|Any CPU
		{EB63F673-3BE1-4F4A-A19D-66D03BFB4D06}.Debug|Any CPU.ActiveCfg = Debug|Any CPU
		{EB63F673-3BE1-4F4A-A19D-66D03BFB4D06}.Debug|Any CPU.Build.0 = Debug|Any CPU
		{EB63F673-3BE1-4F4A-A19D-66D03BFB4D06}.Release|Any CPU.ActiveCfg = Release|Any CPU
		{EB63F673-3BE1-4F4A-A19D-66D03BFB4D06}.Release|Any CPU.Build.0 = Release|Any CPU
		{CE302184-EDBD-4083-88A7-340B8369E0D6}.Debug|Any CPU.ActiveCfg = Debug|Any CPU
		{CE302184-EDBD-4083-88A7-340B8369E0D6}.Debug|Any CPU.Build.0 = Debug|Any CPU
		{CE302184-EDBD-4083-88A7-340B8369E0D6}.Release|Any CPU.ActiveCfg = Release|Any CPU
		{CE302184-EDBD-4083-88A7-340B8369E0D6}.Release|Any CPU.Build.0 = Release|Any CPU
		{26C92745-FA6A-408E-869B-4EC21E69A944}.Debug|Any CPU.ActiveCfg = Debug|Any CPU
		{26C92745-FA6A-408E-869B-4EC21E69A944}.Debug|Any CPU.Build.0 = Debug|Any CPU
		{26C92745-FA6A-408E-869B-4EC21E69A944}.Release|Any CPU.ActiveCfg = Release|Any CPU
		{26C92745-FA6A-408E-869B-4EC21E69A944}.Release|Any CPU.Build.0 = Release|Any CPU
		{EDACE63F-AAF6-4A49-94EA-AA52EAD69FF3}.Debug|Any CPU.ActiveCfg = Debug|Any CPU
		{EDACE63F-AAF6-4A49-94EA-AA52EAD69FF3}.Debug|Any CPU.Build.0 = Debug|Any CPU
		{EDACE63F-AAF6-4A49-94EA-AA52EAD69FF3}.Release|Any CPU.ActiveCfg = Release|Any CPU
		{EDACE63F-AAF6-4A49-94EA-AA52EAD69FF3}.Release|Any CPU.Build.0 = Release|Any CPU
		{8792998F-F4AC-4E88-9977-178EF42D4789}.Debug|Any CPU.ActiveCfg = Debug|Any CPU
		{8792998F-F4AC-4E88-9977-178EF42D4789}.Debug|Any CPU.Build.0 = Debug|Any CPU
		{8792998F-F4AC-4E88-9977-178EF42D4789}.Release|Any CPU.ActiveCfg = Release|Any CPU
		{8792998F-F4AC-4E88-9977-178EF42D4789}.Release|Any CPU.Build.0 = Release|Any CPU
		{100C09B3-E58F-6B6B-3AA6-D66188F478A2}.Debug|Any CPU.ActiveCfg = Debug|Any CPU
		{100C09B3-E58F-6B6B-3AA6-D66188F478A2}.Debug|Any CPU.Build.0 = Debug|Any CPU
		{100C09B3-E58F-6B6B-3AA6-D66188F478A2}.Release|Any CPU.ActiveCfg = Release|Any CPU
		{100C09B3-E58F-6B6B-3AA6-D66188F478A2}.Release|Any CPU.Build.0 = Release|Any CPU
		{10EB2E0C-838C-02AE-7A16-5F913EDBF67C}.Debug|Any CPU.ActiveCfg = Debug|Any CPU
		{10EB2E0C-838C-02AE-7A16-5F913EDBF67C}.Debug|Any CPU.Build.0 = Debug|Any CPU
		{10EB2E0C-838C-02AE-7A16-5F913EDBF67C}.Release|Any CPU.ActiveCfg = Release|Any CPU
		{10EB2E0C-838C-02AE-7A16-5F913EDBF67C}.Release|Any CPU.Build.0 = Release|Any CPU
		{67C9D092-0FF6-F12F-B1E2-30DF82AC84CD}.Debug|Any CPU.ActiveCfg = Debug|Any CPU
		{67C9D092-0FF6-F12F-B1E2-30DF82AC84CD}.Debug|Any CPU.Build.0 = Debug|Any CPU
		{67C9D092-0FF6-F12F-B1E2-30DF82AC84CD}.Release|Any CPU.ActiveCfg = Release|Any CPU
		{67C9D092-0FF6-F12F-B1E2-30DF82AC84CD}.Release|Any CPU.Build.0 = Release|Any CPU
		{7CD8DA81-5619-9413-E54F-0A8F57ACB736}.Debug|Any CPU.ActiveCfg = Debug|Any CPU
		{7CD8DA81-5619-9413-E54F-0A8F57ACB736}.Debug|Any CPU.Build.0 = Debug|Any CPU
		{7CD8DA81-5619-9413-E54F-0A8F57ACB736}.Release|Any CPU.ActiveCfg = Release|Any CPU
		{7CD8DA81-5619-9413-E54F-0A8F57ACB736}.Release|Any CPU.Build.0 = Release|Any CPU
		{8B54E576-2530-70E1-BB5B-985F69D7E272}.Debug|Any CPU.ActiveCfg = Debug|Any CPU
		{8B54E576-2530-70E1-BB5B-985F69D7E272}.Debug|Any CPU.Build.0 = Debug|Any CPU
		{8B54E576-2530-70E1-BB5B-985F69D7E272}.Release|Any CPU.ActiveCfg = Release|Any CPU
		{8B54E576-2530-70E1-BB5B-985F69D7E272}.Release|Any CPU.Build.0 = Release|Any CPU
		{F8F66F13-B3E8-4600-F9A6-821D522F0E00}.Debug|Any CPU.ActiveCfg = Debug|Any CPU
		{F8F66F13-B3E8-4600-F9A6-821D522F0E00}.Debug|Any CPU.Build.0 = Debug|Any CPU
		{F8F66F13-B3E8-4600-F9A6-821D522F0E00}.Release|Any CPU.ActiveCfg = Release|Any CPU
		{F8F66F13-B3E8-4600-F9A6-821D522F0E00}.Release|Any CPU.Build.0 = Release|Any CPU
	EndGlobalSection
	GlobalSection(SolutionProperties) = preSolution
		HideSolutionNode = FALSE
	EndGlobalSection
	GlobalSection(NestedProjects) = preSolution
		{ADBB7ADD-A8BA-4530-AA61-5378632FD94A} = {409B4809-9D96-43E1-8597-0693227BBA62}
		{CCBD6451-5564-479C-977C-244173FD77FE} = {409B4809-9D96-43E1-8597-0693227BBA62}
		{EB63F673-3BE1-4F4A-A19D-66D03BFB4D06} = {409B4809-9D96-43E1-8597-0693227BBA62}
		{CE302184-EDBD-4083-88A7-340B8369E0D6} = {409B4809-9D96-43E1-8597-0693227BBA62}
		{26C92745-FA6A-408E-869B-4EC21E69A944} = {AA39C949-908A-40DF-85E0-F243415482C7}
		{EDACE63F-AAF6-4A49-94EA-AA52EAD69FF3} = {AA39C949-908A-40DF-85E0-F243415482C7}
		{8792998F-F4AC-4E88-9977-178EF42D4789} = {AA39C949-908A-40DF-85E0-F243415482C7}
		{100C09B3-E58F-6B6B-3AA6-D66188F478A2} = {409B4809-9D96-43E1-8597-0693227BBA62}
		{1936F80E-CE49-4057-AC40-DE79E7758647} = {A84E427C-3532-4CCC-BF9A-03C2DD19E020}
		{10EB2E0C-838C-02AE-7A16-5F913EDBF67C} = {1936F80E-CE49-4057-AC40-DE79E7758647}
		{67C9D092-0FF6-F12F-B1E2-30DF82AC84CD} = {1936F80E-CE49-4057-AC40-DE79E7758647}
		{7CD8DA81-5619-9413-E54F-0A8F57ACB736} = {1936F80E-CE49-4057-AC40-DE79E7758647}
		{8B54E576-2530-70E1-BB5B-985F69D7E272} = {1936F80E-CE49-4057-AC40-DE79E7758647}
		{98241281-B965-46DE-B40B-067FA5D2CA5C} = {A84E427C-3532-4CCC-BF9A-03C2DD19E020}
		{F8F66F13-B3E8-4600-F9A6-821D522F0E00} = {98241281-B965-46DE-B40B-067FA5D2CA5C}
	EndGlobalSection
	GlobalSection(ExtensibilityGlobals) = postSolution
		SolutionGuid = {06F8FFE9-81DD-4699-8586-881564C6D3E5}
	EndGlobalSection
EndGlobal
