
Microsoft Visual Studio Solution File, Format Version 12.00
# Visual Studio Version 18
VisualStudioVersion = 18.1.11312.151
MinimumVisualStudioVersion = 10.0.40219.1
Project("{2150E333-8FDC-42A3-9474-1A3956D46DE8}") = "Apis", "Apis", "{135D3FA2-5DA2-4B61-A669-3EAC8339591A}"
EndProject
Project("{FAE04EC0-301F-11D3-BF4B-00C04F79EFBC}") = "ApiMeteo", "Apis\ApiMeteo\ApiMeteo.csproj", "{B54E3F27-FF68-78E3-D694-F589F03829FC}"
EndProject
Project("{2150E333-8FDC-42A3-9474-1A3956D46DE8}") = "ApiFreeBox", "ApiFreeBox", "{8F4BD965-CBA6-4E15-91CB-557D27CB9797}"
EndProject
Project("{FAE04EC0-301F-11D3-BF4B-00C04F79EFBC}") = "EndPoints", "Apis\ApiFreeBoxCore\EndPoints\EndPoints.csproj", "{56FCC548-6BA4-9039-A1E4-B3F8838F50EB}"
EndProject
Project("{FAE04EC0-301F-11D3-BF4B-00C04F79EFBC}") = "Application", "Apis\ApiFreeBoxCore\Application\Application.csproj", "{9C8DEB88-5194-DDC7-9E14-760FAF1E9A6E}"
EndProject
Project("{FAE04EC0-301F-11D3-BF4B-00C04F79EFBC}") = "Domain", "Apis\ApiFreeBoxCore\Domain\Domain.csproj", "{60196418-5345-CBE5-D69D-9B0B8C9D9ED2}"
EndProject
Project("{FAE04EC0-301F-11D3-BF4B-00C04F79EFBC}") = "Infrastructure", "Apis\ApiFreeBoxCore\Infrastructure\Infrastructure.csproj", "{DF97992B-3E40-8FDD-7DCA-F3C9EF6D30D1}"
EndProject
Project("{2150E333-8FDC-42A3-9474-1A3956D46DE8}") = "Common", "Common", "{18BE0B3E-71A9-4E30-87B7-F9FCB0DBECB7}"
EndProject
Project("{FAE04EC0-301F-11D3-BF4B-00C04F79EFBC}") = "Common", "Common\Common\Common.csproj", "{92641D99-9853-ED0A-86B4-C586463A0A6D}"
EndProject
Project("{FAE04EC0-301F-11D3-BF4B-00C04F79EFBC}") = "Common.Hosting", "Common\Common.Hosting\Common.Hosting.csproj", "{362EC38C-688D-D5F2-53BE-9CEA1D2F5325}"
EndProject
Project("{FAE04EC0-301F-11D3-BF4B-00C04F79EFBC}") = "Common.OpenCV", "Common\Common.OpenCV\Common.OpenCV.csproj", "{7B6759E9-5C86-194B-682C-4B50DE5CEEA3}"
EndProject
Project("{2150E333-8FDC-42A3-9474-1A3956D46DE8}") = "Services", "Services", "{532D8031-7A5E-4EF7-8CDD-42B387971304}"
EndProject
Project("{FAE04EC0-301F-11D3-BF4B-00C04F79EFBC}") = "CameraWatcher", "Services\CameraWatcher\CameraWatcher.csproj", "{E86B9BF5-D0E3-816E-7FE2-5F7DD4BF7E21}"
EndProject
Project("{FAE04EC0-301F-11D3-BF4B-00C04F79EFBC}") = "DiscordBot", "Services\DiscordBot\DiscordBot.csproj", "{D4FAB5CD-1273-5D9D-8F52-BA1EC4793E1F}"
EndProject
Project("{FAE04EC0-301F-11D3-BF4B-00C04F79EFBC}") = "MinecraftLogsToDiscord", "Services\MinecraftLogsToDiscord\MinecraftLogsToDiscord.csproj", "{26B86401-AB20-D1C2-2F0C-458743FB4BF3}"
EndProject
Project("{FAE04EC0-301F-11D3-BF4B-00C04F79EFBC}") = "MinecraftWorldToNAS", "Services\MinecraftWorldToNAS\MinecraftWorldToNAS.csproj", "{C8B3438E-1B9C-741C-5694-A1F97B6B0B7D}"
EndProject
Project("{FAE04EC0-301F-11D3-BF4B-00C04F79EFBC}") = "TimelapseCreator", "Services\TimelapseCreator\TimelapseCreator.csproj", "{70197FD6-E6A9-B956-0EAB-204D10A67DFD}"
EndProject
Project("{2150E333-8FDC-42A3-9474-1A3956D46DE8}") = "WebApps", "WebApps", "{8AAA7BFB-EECF-4D67-8264-E5E9720D636D}"
EndProject
Project("{FAE04EC0-301F-11D3-BF4B-00C04F79EFBC}") = "BlazorPortalCamera", "WebApps\PortalCameras\BlazorPortalCamera.csproj", "{F0165626-2C6F-26E1-E2D9-124F537285A5}"
EndProject
Project("{2150E333-8FDC-42A3-9474-1A3956D46DE8}") = "_docker", "_docker", "{CDCAA514-9550-4F1B-8537-DFC3724D41CD}"
	ProjectSection(SolutionItems) = preProject
		_docker\apifreebox.dockerfile = _docker\apifreebox.dockerfile
		_docker\apimeteo.dockerfile = _docker\apimeteo.dockerfile
		_docker\camerawatcher.dockerfile = _docker\camerawatcher.dockerfile
		_docker\discordbot.dockerfile = _docker\discordbot.dockerfile
		_docker\minecraftlogstodiscord.dockerfile = _docker\minecraftlogstodiscord.dockerfile
		_docker\minecraftworldtonas.dockerfile = _docker\minecraftworldtonas.dockerfile
		_docker\timelapsecreator.dockerfile = _docker\timelapsecreator.dockerfile
	EndProjectSection
EndProject
Global
	GlobalSection(SolutionConfigurationPlatforms) = preSolution
		Debug|Any CPU = Debug|Any CPU
		Release|Any CPU = Release|Any CPU
	EndGlobalSection
	GlobalSection(ProjectConfigurationPlatforms) = postSolution
		{B54E3F27-FF68-78E3-D694-F589F03829FC}.Debug|Any CPU.ActiveCfg = Debug|Any CPU
		{B54E3F27-FF68-78E3-D694-F589F03829FC}.Debug|Any CPU.Build.0 = Debug|Any CPU
		{B54E3F27-FF68-78E3-D694-F589F03829FC}.Release|Any CPU.ActiveCfg = Release|Any CPU
		{B54E3F27-FF68-78E3-D694-F589F03829FC}.Release|Any CPU.Build.0 = Release|Any CPU
		{56FCC548-6BA4-9039-A1E4-B3F8838F50EB}.Debug|Any CPU.ActiveCfg = Debug|Any CPU
		{56FCC548-6BA4-9039-A1E4-B3F8838F50EB}.Debug|Any CPU.Build.0 = Debug|Any CPU
		{56FCC548-6BA4-9039-A1E4-B3F8838F50EB}.Release|Any CPU.ActiveCfg = Release|Any CPU
		{56FCC548-6BA4-9039-A1E4-B3F8838F50EB}.Release|Any CPU.Build.0 = Release|Any CPU
		{9C8DEB88-5194-DDC7-9E14-760FAF1E9A6E}.Debug|Any CPU.ActiveCfg = Debug|Any CPU
		{9C8DEB88-5194-DDC7-9E14-760FAF1E9A6E}.Debug|Any CPU.Build.0 = Debug|Any CPU
		{9C8DEB88-5194-DDC7-9E14-760FAF1E9A6E}.Release|Any CPU.ActiveCfg = Release|Any CPU
		{9C8DEB88-5194-DDC7-9E14-760FAF1E9A6E}.Release|Any CPU.Build.0 = Release|Any CPU
		{60196418-5345-CBE5-D69D-9B0B8C9D9ED2}.Debug|Any CPU.ActiveCfg = Debug|Any CPU
		{60196418-5345-CBE5-D69D-9B0B8C9D9ED2}.Debug|Any CPU.Build.0 = Debug|Any CPU
		{60196418-5345-CBE5-D69D-9B0B8C9D9ED2}.Release|Any CPU.ActiveCfg = Release|Any CPU
		{60196418-5345-CBE5-D69D-9B0B8C9D9ED2}.Release|Any CPU.Build.0 = Release|Any CPU
		{DF97992B-3E40-8FDD-7DCA-F3C9EF6D30D1}.Debug|Any CPU.ActiveCfg = Debug|Any CPU
		{DF97992B-3E40-8FDD-7DCA-F3C9EF6D30D1}.Debug|Any CPU.Build.0 = Debug|Any CPU
		{DF97992B-3E40-8FDD-7DCA-F3C9EF6D30D1}.Release|Any CPU.ActiveCfg = Release|Any CPU
		{DF97992B-3E40-8FDD-7DCA-F3C9EF6D30D1}.Release|Any CPU.Build.0 = Release|Any CPU
		{92641D99-9853-ED0A-86B4-C586463A0A6D}.Debug|Any CPU.ActiveCfg = Debug|Any CPU
		{92641D99-9853-ED0A-86B4-C586463A0A6D}.Debug|Any CPU.Build.0 = Debug|Any CPU
		{92641D99-9853-ED0A-86B4-C586463A0A6D}.Release|Any CPU.ActiveCfg = Release|Any CPU
		{92641D99-9853-ED0A-86B4-C586463A0A6D}.Release|Any CPU.Build.0 = Release|Any CPU
		{362EC38C-688D-D5F2-53BE-9CEA1D2F5325}.Debug|Any CPU.ActiveCfg = Debug|Any CPU
		{362EC38C-688D-D5F2-53BE-9CEA1D2F5325}.Debug|Any CPU.Build.0 = Debug|Any CPU
		{362EC38C-688D-D5F2-53BE-9CEA1D2F5325}.Release|Any CPU.ActiveCfg = Release|Any CPU
		{362EC38C-688D-D5F2-53BE-9CEA1D2F5325}.Release|Any CPU.Build.0 = Release|Any CPU
		{7B6759E9-5C86-194B-682C-4B50DE5CEEA3}.Debug|Any CPU.ActiveCfg = Debug|Any CPU
		{7B6759E9-5C86-194B-682C-4B50DE5CEEA3}.Debug|Any CPU.Build.0 = Debug|Any CPU
		{7B6759E9-5C86-194B-682C-4B50DE5CEEA3}.Release|Any CPU.ActiveCfg = Release|Any CPU
		{7B6759E9-5C86-194B-682C-4B50DE5CEEA3}.Release|Any CPU.Build.0 = Release|Any CPU
		{E86B9BF5-D0E3-816E-7FE2-5F7DD4BF7E21}.Debug|Any CPU.ActiveCfg = Debug|Any CPU
		{E86B9BF5-D0E3-816E-7FE2-5F7DD4BF7E21}.Debug|Any CPU.Build.0 = Debug|Any CPU
		{E86B9BF5-D0E3-816E-7FE2-5F7DD4BF7E21}.Release|Any CPU.ActiveCfg = Release|Any CPU
		{E86B9BF5-D0E3-816E-7FE2-5F7DD4BF7E21}.Release|Any CPU.Build.0 = Release|Any CPU
		{D4FAB5CD-1273-5D9D-8F52-BA1EC4793E1F}.Debug|Any CPU.ActiveCfg = Debug|Any CPU
		{D4FAB5CD-1273-5D9D-8F52-BA1EC4793E1F}.Debug|Any CPU.Build.0 = Debug|Any CPU
		{D4FAB5CD-1273-5D9D-8F52-BA1EC4793E1F}.Release|Any CPU.ActiveCfg = Release|Any CPU
		{D4FAB5CD-1273-5D9D-8F52-BA1EC4793E1F}.Release|Any CPU.Build.0 = Release|Any CPU
		{26B86401-AB20-D1C2-2F0C-458743FB4BF3}.Debug|Any CPU.ActiveCfg = Debug|Any CPU
		{26B86401-AB20-D1C2-2F0C-458743FB4BF3}.Debug|Any CPU.Build.0 = Debug|Any CPU
		{26B86401-AB20-D1C2-2F0C-458743FB4BF3}.Release|Any CPU.ActiveCfg = Release|Any CPU
		{26B86401-AB20-D1C2-2F0C-458743FB4BF3}.Release|Any CPU.Build.0 = Release|Any CPU
		{C8B3438E-1B9C-741C-5694-A1F97B6B0B7D}.Debug|Any CPU.ActiveCfg = Debug|Any CPU
		{C8B3438E-1B9C-741C-5694-A1F97B6B0B7D}.Debug|Any CPU.Build.0 = Debug|Any CPU
		{C8B3438E-1B9C-741C-5694-A1F97B6B0B7D}.Release|Any CPU.ActiveCfg = Release|Any CPU
		{C8B3438E-1B9C-741C-5694-A1F97B6B0B7D}.Release|Any CPU.Build.0 = Release|Any CPU
		{70197FD6-E6A9-B956-0EAB-204D10A67DFD}.Debug|Any CPU.ActiveCfg = Debug|Any CPU
		{70197FD6-E6A9-B956-0EAB-204D10A67DFD}.Debug|Any CPU.Build.0 = Debug|Any CPU
		{70197FD6-E6A9-B956-0EAB-204D10A67DFD}.Release|Any CPU.ActiveCfg = Release|Any CPU
		{70197FD6-E6A9-B956-0EAB-204D10A67DFD}.Release|Any CPU.Build.0 = Release|Any CPU
		{F0165626-2C6F-26E1-E2D9-124F537285A5}.Debug|Any CPU.ActiveCfg = Debug|Any CPU
		{F0165626-2C6F-26E1-E2D9-124F537285A5}.Debug|Any CPU.Build.0 = Debug|Any CPU
		{F0165626-2C6F-26E1-E2D9-124F537285A5}.Release|Any CPU.ActiveCfg = Release|Any CPU
		{F0165626-2C6F-26E1-E2D9-124F537285A5}.Release|Any CPU.Build.0 = Release|Any CPU
	EndGlobalSection
	GlobalSection(SolutionProperties) = preSolution
		HideSolutionNode = FALSE
	EndGlobalSection
	GlobalSection(NestedProjects) = preSolution
		{B54E3F27-FF68-78E3-D694-F589F03829FC} = {135D3FA2-5DA2-4B61-A669-3EAC8339591A}
		{8F4BD965-CBA6-4E15-91CB-557D27CB9797} = {135D3FA2-5DA2-4B61-A669-3EAC8339591A}
		{56FCC548-6BA4-9039-A1E4-B3F8838F50EB} = {8F4BD965-CBA6-4E15-91CB-557D27CB9797}
		{9C8DEB88-5194-DDC7-9E14-760FAF1E9A6E} = {8F4BD965-CBA6-4E15-91CB-557D27CB9797}
		{60196418-5345-CBE5-D69D-9B0B8C9D9ED2} = {8F4BD965-CBA6-4E15-91CB-557D27CB9797}
		{DF97992B-3E40-8FDD-7DCA-F3C9EF6D30D1} = {8F4BD965-CBA6-4E15-91CB-557D27CB9797}
		{92641D99-9853-ED0A-86B4-C586463A0A6D} = {18BE0B3E-71A9-4E30-87B7-F9FCB0DBECB7}
		{362EC38C-688D-D5F2-53BE-9CEA1D2F5325} = {18BE0B3E-71A9-4E30-87B7-F9FCB0DBECB7}
		{7B6759E9-5C86-194B-682C-4B50DE5CEEA3} = {18BE0B3E-71A9-4E30-87B7-F9FCB0DBECB7}
		{E86B9BF5-D0E3-816E-7FE2-5F7DD4BF7E21} = {532D8031-7A5E-4EF7-8CDD-42B387971304}
		{D4FAB5CD-1273-5D9D-8F52-BA1EC4793E1F} = {532D8031-7A5E-4EF7-8CDD-42B387971304}
		{26B86401-AB20-D1C2-2F0C-458743FB4BF3} = {532D8031-7A5E-4EF7-8CDD-42B387971304}
		{C8B3438E-1B9C-741C-5694-A1F97B6B0B7D} = {532D8031-7A5E-4EF7-8CDD-42B387971304}
		{70197FD6-E6A9-B956-0EAB-204D10A67DFD} = {532D8031-7A5E-4EF7-8CDD-42B387971304}
		{F0165626-2C6F-26E1-E2D9-124F537285A5} = {8AAA7BFB-EECF-4D67-8264-E5E9720D636D}
	EndGlobalSection
	GlobalSection(ExtensibilityGlobals) = postSolution
		SolutionGuid = {06F8FFE9-81DD-4699-8586-881564C6D3E5}
	EndGlobalSection
EndGlobal
